{
  "name": "klubx-event-listener",
  "version": "1.0.0",
  "lockfileVersion": 2,
  "requires": true,
  "packages": {
    "": {
      "name": "klubx-event-listener",
      "version": "1.0.0",
      "license": "ISC",
      "dependencies": {
        "dotenv": "^16.0.3",
        "postgres": "^3.3.1"
      }
    },
    "node_modules/dotenv": {
      "version": "16.0.3",
      "resolved": "https://registry.npmjs.org/dotenv/-/dotenv-16.0.3.tgz",
      "integrity": "sha512-7GO6HghkA5fYG9TYnNxi14/7K9f5occMlp3zXAuSxn7CKCxt9xbNWG7yF8hTCSUchlfWSe3uLmlPfigevRItzQ==",
      "engines": {
        "node": ">=12"
      }
    },
    "node_modules/postgres": {
      "version": "3.3.1",
      "resolved": "https://registry.npmjs.org/postgres/-/postgres-3.3.1.tgz",
      "integrity": "sha512-ak/xXToZYwRvQlZIUtLgPUIggz62eIIbPTgxl/Yl4oTu0TgNOd1CrzTCifsvZ89jBwLvnX6+Ky5frp5HzIBoaw==",
      "funding": {
        "type": "individual",
        "url": "https://github.com/sponsors/porsager"
      }
    }
  },
  "dependencies": {
    "dotenv": {
      "version": "16.0.3",
      "resolved": "https://registry.npmjs.org/dotenv/-/dotenv-16.0.3.tgz",
      "integrity": "sha512-7GO6HghkA5fYG9TYnNxi14/7K9f5occMlp3zXAuSxn7CKCxt9xbNWG7yF8hTCSUchlfWSe3uLmlPfigevRItzQ=="
    },
    "postgres": {
      "version": "3.3.1",
      "resolved": "https://registry.npmjs.org/postgres/-/postgres-3.3.1.tgz",
      "integrity": "sha512-ak/xXToZYwRvQlZIUtLgPUIggz62eIIbPTgxl/Yl4oTu0TgNOd1CrzTCifsvZ89jBwLvnX6+Ky5frp5HzIBoaw=="
    }
  }
}
